
Microsoft Visual Studio Solution File, Format Version 12.00
# Visual Studio Version 17
VisualStudioVersion = 17.10.35013.160
MinimumVisualStudioVersion = 10.0.40219.1
Project("{FAE04EC0-301F-11D3-BF4B-00C04F79EFBC}") = "PracticeProblems", "PracticeProblems\PracticeProblems.csproj", "{632AE9EA-8C60-4D72-B44E-59EFF74C92B4}"
EndProject
Global
	GlobalSection(SolutionConfigurationPlatforms) = preSolution
		Debug|Any CPU = Debug|Any CPU
		Release|Any CPU = Release|Any CPU
	EndGlobalSection
	GlobalSection(ProjectConfigurationPlatforms) = postSolution
		{632AE9EA-8C60-4D72-B44E-59EFF74C92B4}.Debug|Any CPU.ActiveCfg = Debug|Any CPU
		{632AE9EA-8C60-4D72-B44E-59EFF74C92B4}.Debug|Any CPU.Build.0 = Debug|Any CPU
		{632AE9EA-8C60-4D72-B44E-59EFF74C92B4}.Release|Any CPU.ActiveCfg = Release|Any CPU
		{632AE9EA-8C60-4D72-B44E-59EFF74C92B4}.Release|Any CPU.Build.0 = Release|Any CPU
	EndGlobalSection
	GlobalSection(SolutionProperties) = preSolution
		HideSolutionNode = FALSE
	EndGlobalSection
	GlobalSection(ExtensibilityGlobals) = postSolution
		SolutionGuid = {278D7C1C-2FD6-49BD-BC5B-F1739526982C}
	EndGlobalSection
EndGlobal
