
Microsoft Visual Studio Solution File, Format Version 12.00
# Visual Studio Version 17
VisualStudioVersion = 17.10.35013.160
MinimumVisualStudioVersion = 10.0.40219.1
Project("{FAE04EC0-301F-11D3-BF4B-00C04F79EFBC}") = "Review5", "Review5\Review5.csproj", "{1F91F9C3-2BA7-4468-91F4-B75184447481}"
EndProject
Project("{FAE04EC0-301F-11D3-BF4B-00C04F79EFBC}") = "CalculatorTest", "CalculatorTest\CalculatorTest.csproj", "{88502C76-31E5-4CF3-AC0A-72BBF0227F88}"
EndProject
Project("{FAE04EC0-301F-11D3-BF4B-00C04F79EFBC}") = "TplOperations", "TplOperations\TplOperations.csproj", "{64C8A4D3-CE34-475A-A13D-E7782336977E}"
EndProject
Global
	GlobalSection(SolutionConfigurationPlatforms) = preSolution
		Debug|Any CPU = Debug|Any CPU
		Release|Any CPU = Release|Any CPU
	EndGlobalSection
	GlobalSection(ProjectConfigurationPlatforms) = postSolution
		{1F91F9C3-2BA7-4468-91F4-B75184447481}.Debug|Any CPU.ActiveCfg = Debug|Any CPU
		{1F91F9C3-2BA7-4468-91F4-B75184447481}.Debug|Any CPU.Build.0 = Debug|Any CPU
		{1F91F9C3-2BA7-4468-91F4-B75184447481}.Release|Any CPU.ActiveCfg = Release|Any CPU
		{1F91F9C3-2BA7-4468-91F4-B75184447481}.Release|Any CPU.Build.0 = Release|Any CPU
		{88502C76-31E5-4CF3-AC0A-72BBF0227F88}.Debug|Any CPU.ActiveCfg = Debug|Any CPU
		{88502C76-31E5-4CF3-AC0A-72BBF0227F88}.Debug|Any CPU.Build.0 = Debug|Any CPU
		{88502C76-31E5-4CF3-AC0A-72BBF0227F88}.Release|Any CPU.ActiveCfg = Release|Any CPU
		{88502C76-31E5-4CF3-AC0A-72BBF0227F88}.Release|Any CPU.Build.0 = Release|Any CPU
		{64C8A4D3-CE34-475A-A13D-E7782336977E}.Debug|Any CPU.ActiveCfg = Debug|Any CPU
		{64C8A4D3-CE34-475A-A13D-E7782336977E}.Debug|Any CPU.Build.0 = Debug|Any CPU
		{64C8A4D3-CE34-475A-A13D-E7782336977E}.Release|Any CPU.ActiveCfg = Release|Any CPU
		{64C8A4D3-CE34-475A-A13D-E7782336977E}.Release|Any CPU.Build.0 = Release|Any CPU
	EndGlobalSection
	GlobalSection(SolutionProperties) = preSolution
		HideSolutionNode = FALSE
	EndGlobalSection
	GlobalSection(ExtensibilityGlobals) = postSolution
		SolutionGuid = {169FA872-7C10-43FB-B4F7-4DD54A1FBE1C}
	EndGlobalSection
EndGlobal
