
Microsoft Visual Studio Solution File, Format Version 12.00
# Visual Studio Version 17
VisualStudioVersion = 17.10.35013.160
MinimumVisualStudioVersion = 10.0.40219.1
Project("{FAE04EC0-301F-11D3-BF4B-00C04F79EFBC}") = "JsonServerDemo", "JsonServerDemo\JsonServerDemo.csproj", "{B152AC10-13CE-4106-AD7F-CE6542DC148E}"
EndProject
Project("{FAE04EC0-301F-11D3-BF4B-00C04F79EFBC}") = "EmplyeeJsonServer", "EmplyeeJsonServer\EmplyeeJsonServer.csproj", "{29D6519D-9A35-4D2B-B35F-BDF38884AFF5}"
EndProject
Global
	GlobalSection(SolutionConfigurationPlatforms) = preSolution
		Debug|Any CPU = Debug|Any CPU
		Release|Any CPU = Release|Any CPU
	EndGlobalSection
	GlobalSection(ProjectConfigurationPlatforms) = postSolution
		{B152AC10-13CE-4106-AD7F-CE6542DC148E}.Debug|Any CPU.ActiveCfg = Debug|Any CPU
		{B152AC10-13CE-4106-AD7F-CE6542DC148E}.Debug|Any CPU.Build.0 = Debug|Any CPU
		{B152AC10-13CE-4106-AD7F-CE6542DC148E}.Release|Any CPU.ActiveCfg = Release|Any CPU
		{B152AC10-13CE-4106-AD7F-CE6542DC148E}.Release|Any CPU.Build.0 = Release|Any CPU
		{29D6519D-9A35-4D2B-B35F-BDF38884AFF5}.Debug|Any CPU.ActiveCfg = Debug|Any CPU
		{29D6519D-9A35-4D2B-B35F-BDF38884AFF5}.Debug|Any CPU.Build.0 = Debug|Any CPU
		{29D6519D-9A35-4D2B-B35F-BDF38884AFF5}.Release|Any CPU.ActiveCfg = Release|Any CPU
		{29D6519D-9A35-4D2B-B35F-BDF38884AFF5}.Release|Any CPU.Build.0 = Release|Any CPU
	EndGlobalSection
	GlobalSection(SolutionProperties) = preSolution
		HideSolutionNode = FALSE
	EndGlobalSection
	GlobalSection(ExtensibilityGlobals) = postSolution
		SolutionGuid = {E646C0BB-4F5A-4B5C-97ED-19BBEB7A183E}
	EndGlobalSection
EndGlobal
